
Microsoft Visual Studio Solution File, Format Version 12.00
# Visual Studio Version 17
VisualStudioVersion = 17.13.35825.156 d17.13
MinimumVisualStudioVersion = 10.0.40219.1
Project("{FAE04EC0-301F-11D3-BF4B-00C04F79EFBC}") = "HelloWorld", "HelloWorld\HelloWorld.csproj", "{B19198DF-319D-4305-8543-4B0DCD85A703}"
EndProject
Project("{FAE04EC0-301F-11D3-BF4B-00C04F79EFBC}") = "SimpleCalc", "SimpleCalc\SimpleCalc.csproj", "{3B675615-E748-4B1F-96AA-0798AC531A9B}"
EndProject
Global
	GlobalSection(SolutionConfigurationPlatforms) = preSolution
		Debug|Any CPU = Debug|Any CPU
		Release|Any CPU = Release|Any CPU
	EndGlobalSection
	GlobalSection(ProjectConfigurationPlatforms) = postSolution
		{B19198DF-319D-4305-8543-4B0DCD85A703}.Debug|Any CPU.ActiveCfg = Debug|Any CPU
		{B19198DF-319D-4305-8543-4B0DCD85A703}.Debug|Any CPU.Build.0 = Debug|Any CPU
		{B19198DF-319D-4305-8543-4B0DCD85A703}.Release|Any CPU.ActiveCfg = Release|Any CPU
		{B19198DF-319D-4305-8543-4B0DCD85A703}.Release|Any CPU.Build.0 = Release|Any CPU
		{3B675615-E748-4B1F-96AA-0798AC531A9B}.Debug|Any CPU.ActiveCfg = Debug|Any CPU
		{3B675615-E748-4B1F-96AA-0798AC531A9B}.Debug|Any CPU.Build.0 = Debug|Any CPU
		{3B675615-E748-4B1F-96AA-0798AC531A9B}.Release|Any CPU.ActiveCfg = Release|Any CPU
		{3B675615-E748-4B1F-96AA-0798AC531A9B}.Release|Any CPU.Build.0 = Release|Any CPU
	EndGlobalSection
	GlobalSection(SolutionProperties) = preSolution
		HideSolutionNode = FALSE
	EndGlobalSection
	GlobalSection(ExtensibilityGlobals) = postSolution
		SolutionGuid = {08A095DA-41EB-455E-858E-B4D0FF48754E}
	EndGlobalSection
EndGlobal
